// !$*UTF8*$!
{
	archiveVersion = 1;
	classes = {
	};
	objectVersion = 55;
	objects = {

/* Begin PBXBuildFile section */
		226DF68B283114B4002A888E /* FlipView.swift in Sources */ = {isa = PBXBuildFile; fileRef = 226DF68A283114B4002A888E /* FlipView.swift */; };
		226DF68D28316ADA002A888E /* ToastView.swift in Sources */ = {isa = PBXBuildFile; fileRef = 226DF68C28316ADA002A888E /* ToastView.swift */; };
		226DF68F283171E7002A888E /* Statistic.swift in Sources */ = {isa = PBXBuildFile; fileRef = 226DF68E283171E7002A888E /* Statistic.swift */; };
		226DF69128317AE1002A888E /* StatsView.swift in Sources */ = {isa = PBXBuildFile; fileRef = 226DF69028317AE1002A888E /* StatsView.swift */; };
		22AF57F3281959D3003B7A7C /* LetterButtonView.swift in Sources */ = {isa = PBXBuildFile; fileRef = 22AF57F2281959D3003B7A7C /* LetterButtonView.swift */; };
		22AF57F528195BB8003B7A7C /* Keyboard.swift in Sources */ = {isa = PBXBuildFile; fileRef = 22AF57F428195BB8003B7A7C /* Keyboard.swift */; };
		22AFDE8B2834559000B8523F /* UIWindowExtension.swift in Sources */ = {isa = PBXBuildFile; fileRef = 22AFDE8A2834559000B8523F /* UIWindowExtension.swift */; };
		22AFDE8F28358BA700B8523F /* ColorSchemeManager.swift in Sources */ = {isa = PBXBuildFile; fileRef = 22AFDE8E28358BA700B8523F /* ColorSchemeManager.swift */; };
		22AFDE9128358E7600B8523F /* SettingsView.swift in Sources */ = {isa = PBXBuildFile; fileRef = 22AFDE9028358E7600B8523F /* SettingsView.swift */; };
		22CB8FD12819B853001B680D /* Shake.swift in Sources */ = {isa = PBXBuildFile; fileRef = 22CB8FD02819B853001B680D /* Shake.swift */; };
		22D0CBEA284000D9007562CB /* HelpView.swift in Sources */ = {isa = PBXBuildFile; fileRef = 22D0CBE9284000D9007562CB /* HelpView.swift */; };
		22EB980428187C8E00B07BD9 /* WordleCloneApp.swift in Sources */ = {isa = PBXBuildFile; fileRef = 22EB980328187C8E00B07BD9 /* WordleCloneApp.swift */; };
		22EB980628187C8E00B07BD9 /* GameView.swift in Sources */ = {isa = PBXBuildFile; fileRef = 22EB980528187C8E00B07BD9 /* GameView.swift */; };
		22EB980828187C9000B07BD9 /* Assets.xcassets in Resources */ = {isa = PBXBuildFile; fileRef = 22EB980728187C9000B07BD9 /* Assets.xcassets */; };
		22EB980B28187C9000B07BD9 /* Preview Assets.xcassets in Resources */ = {isa = PBXBuildFile; fileRef = 22EB980A28187C9000B07BD9 /* Preview Assets.xcassets */; };
		22EB981228187E0300B07BD9 /* Launch Screen.storyboard in Resources */ = {isa = PBXBuildFile; fileRef = 22EB981128187E0300B07BD9 /* Launch Screen.storyboard */; };
		22EB98152818835800B07BD9 /* ColorExtension.swift in Sources */ = {isa = PBXBuildFile; fileRef = 22EB98142818835800B07BD9 /* ColorExtension.swift */; };
		22EB98192818848400B07BD9 /* Guess.swift in Sources */ = {isa = PBXBuildFile; fileRef = 22EB98182818848400B07BD9 /* Guess.swift */; };
		22EB981C2818891400B07BD9 /* GuessView.swift in Sources */ = {isa = PBXBuildFile; fileRef = 22EB981B2818891400B07BD9 /* GuessView.swift */; };
		22EB981F28188DFE00B07BD9 /* DataModel.swift in Sources */ = {isa = PBXBuildFile; fileRef = 22EB981E28188DFE00B07BD9 /* DataModel.swift */; };
		22EB98212818A65500B07BD9 /* Global.swift in Sources */ = {isa = PBXBuildFile; fileRef = 22EB98202818A65500B07BD9 /* Global.swift */; };
/* End PBXBuildFile section */

/* Begin PBXFileReference section */
		226DF68A283114B4002A888E /* FlipView.swift */ = {isa = PBXFileReference; lastKnownFileType = sourcecode.swift; path = FlipView.swift; sourceTree = "<group>"; };
		226DF68C28316ADA002A888E /* ToastView.swift */ = {isa = PBXFileReference; lastKnownFileType = sourcecode.swift; path = ToastView.swift; sourceTree = "<group>"; };
		226DF68E283171E7002A888E /* Statistic.swift */ = {isa = PBXFileReference; lastKnownFileType = sourcecode.swift; path = Statistic.swift; sourceTree = "<group>"; };
		226DF69028317AE1002A888E /* StatsView.swift */ = {isa = PBXFileReference; lastKnownFileType = sourcecode.swift; path = StatsView.swift; sourceTree = "<group>"; };
		22AF57F2281959D3003B7A7C /* LetterButtonView.swift */ = {isa = PBXFileReference; lastKnownFileType = sourcecode.swift; path = LetterButtonView.swift; sourceTree = "<group>"; };
		22AF57F428195BB8003B7A7C /* Keyboard.swift */ = {isa = PBXFileReference; lastKnownFileType = sourcecode.swift; path = Keyboard.swift; sourceTree = "<group>"; };
		22AFDE8A2834559000B8523F /* UIWindowExtension.swift */ = {isa = PBXFileReference; lastKnownFileType = sourcecode.swift; path = UIWindowExtension.swift; sourceTree = "<group>"; };
		22AFDE8E28358BA700B8523F /* ColorSchemeManager.swift */ = {isa = PBXFileReference; lastKnownFileType = sourcecode.swift; path = ColorSchemeManager.swift; sourceTree = "<group>"; };
		22AFDE9028358E7600B8523F /* SettingsView.swift */ = {isa = PBXFileReference; lastKnownFileType = sourcecode.swift; path = SettingsView.swift; sourceTree = "<group>"; };
		22CB8FD02819B853001B680D /* Shake.swift */ = {isa = PBXFileReference; lastKnownFileType = sourcecode.swift; path = Shake.swift; sourceTree = "<group>"; };
		22D0CBE9284000D9007562CB /* HelpView.swift */ = {isa = PBXFileReference; lastKnownFileType = sourcecode.swift; path = HelpView.swift; sourceTree = "<group>"; };
		22EB980028187C8E00B07BD9 /* WordleClone.app */ = {isa = PBXFileReference; explicitFileType = wrapper.application; includeInIndex = 0; path = WordleClone.app; sourceTree = BUILT_PRODUCTS_DIR; };
		22EB980328187C8E00B07BD9 /* WordleCloneApp.swift */ = {isa = PBXFileReference; lastKnownFileType = sourcecode.swift; path = WordleCloneApp.swift; sourceTree = "<group>"; };
		22EB980528187C8E00B07BD9 /* GameView.swift */ = {isa = PBXFileReference; lastKnownFileType = sourcecode.swift; path = GameView.swift; sourceTree = "<group>"; };
		22EB980728187C9000B07BD9 /* Assets.xcassets */ = {isa = PBXFileReference; lastKnownFileType = folder.assetcatalog; path = Assets.xcassets; sourceTree = "<group>"; };
		22EB980A28187C9000B07BD9 /* Preview Assets.xcassets */ = {isa = PBXFileReference; lastKnownFileType = folder.assetcatalog; path = "Preview Assets.xcassets"; sourceTree = "<group>"; };
		22EB981128187E0300B07BD9 /* Launch Screen.storyboard */ = {isa = PBXFileReference; lastKnownFileType = file.storyboard; path = "Launch Screen.storyboard"; sourceTree = "<group>"; };
		22EB98142818835800B07BD9 /* ColorExtension.swift */ = {isa = PBXFileReference; lastKnownFileType = sourcecode.swift; path = ColorExtension.swift; sourceTree = "<group>"; };
		22EB98182818848400B07BD9 /* Guess.swift */ = {isa = PBXFileReference; lastKnownFileType = sourcecode.swift; path = Guess.swift; sourceTree = "<group>"; };
		22EB981B2818891400B07BD9 /* GuessView.swift */ = {isa = PBXFileReference; lastKnownFileType = sourcecode.swift; path = GuessView.swift; sourceTree = "<group>"; };
		22EB981E28188DFE00B07BD9 /* DataModel.swift */ = {isa = PBXFileReference; lastKnownFileType = sourcecode.swift; path = DataModel.swift; sourceTree = "<group>"; };
		22EB98202818A65500B07BD9 /* Global.swift */ = {isa = PBXFileReference; lastKnownFileType = sourcecode.swift; path = Global.swift; sourceTree = "<group>"; };
/* End PBXFileReference section */

/* Begin PBXFrameworksBuildPhase section */
		22EB97FD28187C8E00B07BD9 /* Frameworks */ = {
			isa = PBXFrameworksBuildPhase;
			buildActionMask = 2147483647;
			files = (
			);
			runOnlyForDeploymentPostprocessing = 0;
		};
/* End PBXFrameworksBuildPhase section */

/* Begin PBXGroup section */
		22CB8FCF2819B835001B680D /* Animations */ = {
			isa = PBXGroup;
			children = (
				22CB8FD02819B853001B680D /* Shake.swift */,
				226DF68A283114B4002A888E /* FlipView.swift */,
			);
			path = Animations;
			sourceTree = "<group>";
		};
		22EB97F728187C8E00B07BD9 = {
			isa = PBXGroup;
			children = (
				22EB980228187C8E00B07BD9 /* WordleClone */,
				22EB980128187C8E00B07BD9 /* Products */,
			);
			sourceTree = "<group>";
		};
		22EB980128187C8E00B07BD9 /* Products */ = {
			isa = PBXGroup;
			children = (
				22EB980028187C8E00B07BD9 /* WordleClone.app */,
			);
			name = Products;
			sourceTree = "<group>";
		};
		22EB980228187C8E00B07BD9 /* WordleClone */ = {
			isa = PBXGroup;
			children = (
				22EB980328187C8E00B07BD9 /* WordleCloneApp.swift */,
				22EB98172818846B00B07BD9 /* Models */,
				22EB981A281888FA00B07BD9 /* Views */,
				22EB981D28188DBA00B07BD9 /* ViewModels */,
				22EB98132818832A00B07BD9 /* Extensions */,
				22CB8FCF2819B835001B680D /* Animations */,
				22EB981128187E0300B07BD9 /* Launch Screen.storyboard */,
				22EB980728187C9000B07BD9 /* Assets.xcassets */,
				22EB980928187C9000B07BD9 /* Preview Content */,
			);
			path = WordleClone;
			sourceTree = "<group>";
		};
		22EB980928187C9000B07BD9 /* Preview Content */ = {
			isa = PBXGroup;
			children = (
				22EB980A28187C9000B07BD9 /* Preview Assets.xcassets */,
			);
			path = "Preview Content";
			sourceTree = "<group>";
		};
		22EB98132818832A00B07BD9 /* Extensions */ = {
			isa = PBXGroup;
			children = (
				22EB98142818835800B07BD9 /* ColorExtension.swift */,
				22AFDE8A2834559000B8523F /* UIWindowExtension.swift */,
			);
			path = Extensions;
			sourceTree = "<group>";
		};
		22EB98172818846B00B07BD9 /* Models */ = {
			isa = PBXGroup;
			children = (
				22EB98182818848400B07BD9 /* Guess.swift */,
				22EB98202818A65500B07BD9 /* Global.swift */,
				226DF68E283171E7002A888E /* Statistic.swift */,
			);
			path = Models;
			sourceTree = "<group>";
		};
		22EB981A281888FA00B07BD9 /* Views */ = {
			isa = PBXGroup;
			children = (
				22EB980528187C8E00B07BD9 /* GameView.swift */,
				22EB981B2818891400B07BD9 /* GuessView.swift */,
				22AF57F2281959D3003B7A7C /* LetterButtonView.swift */,
				22AF57F428195BB8003B7A7C /* Keyboard.swift */,
				226DF68C28316ADA002A888E /* ToastView.swift */,
				226DF69028317AE1002A888E /* StatsView.swift */,
				22AFDE9028358E7600B8523F /* SettingsView.swift */,
				22D0CBE9284000D9007562CB /* HelpView.swift */,
			);
			path = Views;
			sourceTree = "<group>";
		};
		22EB981D28188DBA00B07BD9 /* ViewModels */ = {
			isa = PBXGroup;
			children = (
				22EB981E28188DFE00B07BD9 /* DataModel.swift */,
				22AFDE8E28358BA700B8523F /* ColorSchemeManager.swift */,
			);
			path = ViewModels;
			sourceTree = "<group>";
		};
/* End PBXGroup section */

/* Begin PBXNativeTarget section */
		22EB97FF28187C8E00B07BD9 /* WordleClone */ = {
			isa = PBXNativeTarget;
			buildConfigurationList = 22EB980E28187C9000B07BD9 /* Build configuration list for PBXNativeTarget "WordleClone" */;
			buildPhases = (
				22EB97FC28187C8E00B07BD9 /* Sources */,
				22EB97FD28187C8E00B07BD9 /* Frameworks */,
				22EB97FE28187C8E00B07BD9 /* Resources */,
			);
			buildRules = (
			);
			dependencies = (
			);
			name = WordleClone;
			productName = WordleClone;
			productReference = 22EB980028187C8E00B07BD9 /* WordleClone.app */;
			productType = "com.apple.product-type.application";
		};
/* End PBXNativeTarget section */

/* Begin PBXProject section */
		22EB97F828187C8E00B07BD9 /* Project object */ = {
			isa = PBXProject;
			attributes = {
				BuildIndependentTargetsInParallel = 1;
				LastSwiftUpdateCheck = 1320;
				LastUpgradeCheck = 1320;
				TargetAttributes = {
					22EB97FF28187C8E00B07BD9 = {
						CreatedOnToolsVersion = 13.2;
					};
				};
			};
			buildConfigurationList = 22EB97FB28187C8E00B07BD9 /* Build configuration list for PBXProject "WordleClone" */;
			compatibilityVersion = "Xcode 13.0";
			developmentRegion = en;
			hasScannedForEncodings = 0;
			knownRegions = (
				en,
				Base,
			);
			mainGroup = 22EB97F728187C8E00B07BD9;
			productRefGroup = 22EB980128187C8E00B07BD9 /* Products */;
			projectDirPath = "";
			projectRoot = "";
			targets = (
				22EB97FF28187C8E00B07BD9 /* WordleClone */,
			);
		};
/* End PBXProject section */

/* Begin PBXResourcesBuildPhase section */
		22EB97FE28187C8E00B07BD9 /* Resources */ = {
			isa = PBXResourcesBuildPhase;
			buildActionMask = 2147483647;
			files = (
				22EB981228187E0300B07BD9 /* Launch Screen.storyboard in Resources */,
				22EB980B28187C9000B07BD9 /* Preview Assets.xcassets in Resources */,
				22EB980828187C9000B07BD9 /* Assets.xcassets in Resources */,
			);
			runOnlyForDeploymentPostprocessing = 0;
		};
/* End PBXResourcesBuildPhase section */

/* Begin PBXSourcesBuildPhase section */
		22EB97FC28187C8E00B07BD9 /* Sources */ = {
			isa = PBXSourcesBuildPhase;
			buildActionMask = 2147483647;
			files = (
				22AF57F3281959D3003B7A7C /* LetterButtonView.swift in Sources */,
				226DF68B283114B4002A888E /* FlipView.swift in Sources */,
				22AFDE8F28358BA700B8523F /* ColorSchemeManager.swift in Sources */,
				22EB98152818835800B07BD9 /* ColorExtension.swift in Sources */,
				22EB981C2818891400B07BD9 /* GuessView.swift in Sources */,
				22AFDE9128358E7600B8523F /* SettingsView.swift in Sources */,
				226DF68D28316ADA002A888E /* ToastView.swift in Sources */,
				22EB98192818848400B07BD9 /* Guess.swift in Sources */,
				22AFDE8B2834559000B8523F /* UIWindowExtension.swift in Sources */,
				22AF57F528195BB8003B7A7C /* Keyboard.swift in Sources */,
				22EB980628187C8E00B07BD9 /* GameView.swift in Sources */,
				22CB8FD12819B853001B680D /* Shake.swift in Sources */,
				22EB980428187C8E00B07BD9 /* WordleCloneApp.swift in Sources */,
				22D0CBEA284000D9007562CB /* HelpView.swift in Sources */,
				22EB981F28188DFE00B07BD9 /* DataModel.swift in Sources */,
				22EB98212818A65500B07BD9 /* Global.swift in Sources */,
				226DF69128317AE1002A888E /* StatsView.swift in Sources */,
				226DF68F283171E7002A888E /* Statistic.swift in Sources */,
			);
			runOnlyForDeploymentPostprocessing = 0;
		};
/* End PBXSourcesBuildPhase section */

/* Begin XCBuildConfiguration section */
		22EB980C28187C9000B07BD9 /* Debug */ = {
			isa = XCBuildConfiguration;
			buildSettings = {
				ALWAYS_SEARCH_USER_PATHS = NO;
				CLANG_ANALYZER_NONNULL = YES;
				CLANG_ANALYZER_NUMBER_OBJECT_CONVERSION = YES_AGGRESSIVE;
				CLANG_CXX_LANGUAGE_STANDARD = "gnu++17";
				CLANG_CXX_LIBRARY = "libc++";
				CLANG_ENABLE_MODULES = YES;
				CLANG_ENABLE_OBJC_ARC = YES;
				CLANG_ENABLE_OBJC_WEAK = YES;
				CLANG_WARN_BLOCK_CAPTURE_AUTORELEASING = YES;
				CLANG_WARN_BOOL_CONVERSION = YES;
				CLANG_WARN_COMMA = YES;
				CLANG_WARN_CONSTANT_CONVERSION = YES;
				CLANG_WARN_DEPRECATED_OBJC_IMPLEMENTATIONS = YES;
				CLANG_WARN_DIRECT_OBJC_ISA_USAGE = YES_ERROR;
				CLANG_WARN_DOCUMENTATION_COMMENTS = YES;
				CLANG_WARN_EMPTY_BODY = YES;
				CLANG_WARN_ENUM_CONVERSION = YES;
				CLANG_WARN_INFINITE_RECURSION = YES;
				CLANG_WARN_INT_CONVERSION = YES;
				CLANG_WARN_NON_LITERAL_NULL_CONVERSION = YES;
				CLANG_WARN_OBJC_IMPLICIT_RETAIN_SELF = YES;
				CLANG_WARN_OBJC_LITERAL_CONVERSION = YES;
				CLANG_WARN_OBJC_ROOT_CLASS = YES_ERROR;
				CLANG_WARN_QUOTED_INCLUDE_IN_FRAMEWORK_HEADER = YES;
				CLANG_WARN_RANGE_LOOP_ANALYSIS = YES;
				CLANG_WARN_STRICT_PROTOTYPES = YES;
				CLANG_WARN_SUSPICIOUS_MOVE = YES;
				CLANG_WARN_UNGUARDED_AVAILABILITY = YES_AGGRESSIVE;
				CLANG_WARN_UNREACHABLE_CODE = YES;
				CLANG_WARN__DUPLICATE_METHOD_MATCH = YES;
				COPY_PHASE_STRIP = NO;
				DEBUG_INFORMATION_FORMAT = dwarf;
				ENABLE_STRICT_OBJC_MSGSEND = YES;
				ENABLE_TESTABILITY = YES;
				GCC_C_LANGUAGE_STANDARD = gnu11;
				GCC_DYNAMIC_NO_PIC = NO;
				GCC_NO_COMMON_BLOCKS = YES;
				GCC_OPTIMIZATION_LEVEL = 0;
				GCC_PREPROCESSOR_DEFINITIONS = (
					"DEBUG=1",
					"$(inherited)",
				);
				GCC_WARN_64_TO_32_BIT_CONVERSION = YES;
				GCC_WARN_ABOUT_RETURN_TYPE = YES_ERROR;
				GCC_WARN_UNDECLARED_SELECTOR = YES;
				GCC_WARN_UNINITIALIZED_AUTOS = YES_AGGRESSIVE;
				GCC_WARN_UNUSED_FUNCTION = YES;
				GCC_WARN_UNUSED_VARIABLE = YES;
				IPHONEOS_DEPLOYMENT_TARGET = 15.2;
				MTL_ENABLE_DEBUG_INFO = INCLUDE_SOURCE;
				MTL_FAST_MATH = YES;
				ONLY_ACTIVE_ARCH = YES;
				SDKROOT = iphoneos;
				SWIFT_ACTIVE_COMPILATION_CONDITIONS = DEBUG;
				SWIFT_OPTIMIZATION_LEVEL = "-Onone";
			};
			name = Debug;
		};
		22EB980D28187C9000B07BD9 /* Release */ = {
			isa = XCBuildConfiguration;
			buildSettings = {
				ALWAYS_SEARCH_USER_PATHS = NO;
				CLANG_ANALYZER_NONNULL = YES;
				CLANG_ANALYZER_NUMBER_OBJECT_CONVERSION = YES_AGGRESSIVE;
				CLANG_CXX_LANGUAGE_STANDARD = "gnu++17";
				CLANG_CXX_LIBRARY = "libc++";
				CLANG_ENABLE_MODULES = YES;
				CLANG_ENABLE_OBJC_ARC = YES;
				CLANG_ENABLE_OBJC_WEAK = YES;
				CLANG_WARN_BLOCK_CAPTURE_AUTORELEASING = YES;
				CLANG_WARN_BOOL_CONVERSION = YES;
				CLANG_WARN_COMMA = YES;
				CLANG_WARN_CONSTANT_CONVERSION = YES;
				CLANG_WARN_DEPRECATED_OBJC_IMPLEMENTATIONS = YES;
				CLANG_WARN_DIRECT_OBJC_ISA_USAGE = YES_ERROR;
				CLANG_WARN_DOCUMENTATION_COMMENTS = YES;
				CLANG_WARN_EMPTY_BODY = YES;
				CLANG_WARN_ENUM_CONVERSION = YES;
				CLANG_WARN_INFINITE_RECURSION = YES;
				CLANG_WARN_INT_CONVERSION = YES;
				CLANG_WARN_NON_LITERAL_NULL_CONVERSION = YES;
				CLANG_WARN_OBJC_IMPLICIT_RETAIN_SELF = YES;
				CLANG_WARN_OBJC_LITERAL_CONVERSION = YES;
				CLANG_WARN_OBJC_ROOT_CLASS = YES_ERROR;
				CLANG_WARN_QUOTED_INCLUDE_IN_FRAMEWORK_HEADER = YES;
				CLANG_WARN_RANGE_LOOP_ANALYSIS = YES;
				CLANG_WARN_STRICT_PROTOTYPES = YES;
				CLANG_WARN_SUSPICIOUS_MOVE = YES;
				CLANG_WARN_UNGUARDED_AVAILABILITY = YES_AGGRESSIVE;
				CLANG_WARN_UNREACHABLE_CODE = YES;
				CLANG_WARN__DUPLICATE_METHOD_MATCH = YES;
				COPY_PHASE_STRIP = NO;
				DEBUG_INFORMATION_FORMAT = "dwarf-with-dsym";
				ENABLE_NS_ASSERTIONS = NO;
				ENABLE_STRICT_OBJC_MSGSEND = YES;
				GCC_C_LANGUAGE_STANDARD = gnu11;
				GCC_NO_COMMON_BLOCKS = YES;
				GCC_WARN_64_TO_32_BIT_CONVERSION = YES;
				GCC_WARN_ABOUT_RETURN_TYPE = YES_ERROR;
				GCC_WARN_UNDECLARED_SELECTOR = YES;
				GCC_WARN_UNINITIALIZED_AUTOS = YES_AGGRESSIVE;
				GCC_WARN_UNUSED_FUNCTION = YES;
				GCC_WARN_UNUSED_VARIABLE = YES;
				IPHONEOS_DEPLOYMENT_TARGET = 15.2;
				MTL_ENABLE_DEBUG_INFO = NO;
				MTL_FAST_MATH = YES;
				SDKROOT = iphoneos;
				SWIFT_COMPILATION_MODE = wholemodule;
				SWIFT_OPTIMIZATION_LEVEL = "-O";
				VALIDATE_PRODUCT = YES;
			};
			name = Release;
		};
		22EB980F28187C9000B07BD9 /* Debug */ = {
			isa = XCBuildConfiguration;
			buildSettings = {
				ASSETCATALOG_COMPILER_APPICON_NAME = AppIcon;
				ASSETCATALOG_COMPILER_GLOBAL_ACCENT_COLOR_NAME = AccentColor;
				CODE_SIGN_STYLE = Automatic;
				CURRENT_PROJECT_VERSION = 1;
				DEVELOPMENT_ASSET_PATHS = "\"WordleClone/Preview Content\"";
				DEVELOPMENT_TEAM = 6277NZ55VJ;
				ENABLE_PREVIEWS = YES;
				GENERATE_INFOPLIST_FILE = YES;
				INFOPLIST_KEY_UIApplicationSceneManifest_Generation = YES;
				INFOPLIST_KEY_UIApplicationSupportsIndirectInputEvents = YES;
				INFOPLIST_KEY_UILaunchScreen_Generation = YES;
				INFOPLIST_KEY_UILaunchStoryboardName = "Launch Screen";
				INFOPLIST_KEY_UIRequiresFullScreen = NO;
				INFOPLIST_KEY_UISupportedInterfaceOrientations_iPad = "UIInterfaceOrientationPortrait UIInterfaceOrientationPortraitUpsideDown UIInterfaceOrientationLandscapeLeft UIInterfaceOrientationLandscapeRight";
				INFOPLIST_KEY_UISupportedInterfaceOrientations_iPhone = UIInterfaceOrientationPortrait;
				LD_RUNPATH_SEARCH_PATHS = (
					"$(inherited)",
					"@executable_path/Frameworks",
				);
				MARKETING_VERSION = 1.0;
				PRODUCT_BUNDLE_IDENTIFIER = com.sergejdragojlovic.WordleClone;
				PRODUCT_NAME = "$(TARGET_NAME)";
				SWIFT_EMIT_LOC_STRINGS = YES;
				SWIFT_VERSION = 5.0;
				TARGETED_DEVICE_FAMILY = "1,2";
			};
			name = Debug;
		};
		22EB981028187C9000B07BD9 /* Release */ = {
			isa = XCBuildConfiguration;
			buildSettings = {
				ASSETCATALOG_COMPILER_APPICON_NAME = AppIcon;
				ASSETCATALOG_COMPILER_GLOBAL_ACCENT_COLOR_NAME = AccentColor;
				CODE_SIGN_STYLE = Automatic;
				CURRENT_PROJECT_VERSION = 1;
				DEVELOPMENT_ASSET_PATHS = "\"WordleClone/Preview Content\"";
				DEVELOPMENT_TEAM = 6277NZ55VJ;
				ENABLE_PREVIEWS = YES;
				GENERATE_INFOPLIST_FILE = YES;
				INFOPLIST_KEY_UIApplicationSceneManifest_Generation = YES;
				INFOPLIST_KEY_UIApplicationSupportsIndirectInputEvents = YES;
				INFOPLIST_KEY_UILaunchScreen_Generation = YES;
				INFOPLIST_KEY_UILaunchStoryboardName = "Launch Screen";
				INFOPLIST_KEY_UIRequiresFullScreen = NO;
				INFOPLIST_KEY_UISupportedInterfaceOrientations_iPad = "UIInterfaceOrientationPortrait UIInterfaceOrientationPortraitUpsideDown UIInterfaceOrientationLandscapeLeft UIInterfaceOrientationLandscapeRight";
				INFOPLIST_KEY_UISupportedInterfaceOrientations_iPhone = UIInterfaceOrientationPortrait;
				LD_RUNPATH_SEARCH_PATHS = (
					"$(inherited)",
					"@executable_path/Frameworks",
				);
				MARKETING_VERSION = 1.0;
				PRODUCT_BUNDLE_IDENTIFIER = com.sergejdragojlovic.WordleClone;
				PRODUCT_NAME = "$(TARGET_NAME)";
				SWIFT_EMIT_LOC_STRINGS = YES;
				SWIFT_VERSION = 5.0;
				TARGETED_DEVICE_FAMILY = "1,2";
			};
			name = Release;
		};
/* End XCBuildConfiguration section */

/* Begin XCConfigurationList section */
		22EB97FB28187C8E00B07BD9 /* Build configuration list for PBXProject "WordleClone" */ = {
			isa = XCConfigurationList;
			buildConfigurations = (
				22EB980C28187C9000B07BD9 /* Debug */,
				22EB980D28187C9000B07BD9 /* Release */,
			);
			defaultConfigurationIsVisible = 0;
			defaultConfigurationName = Release;
		};
		22EB980E28187C9000B07BD9 /* Build configuration list for PBXNativeTarget "WordleClone" */ = {
			isa = XCConfigurationList;
			buildConfigurations = (
				22EB980F28187C9000B07BD9 /* Debug */,
				22EB981028187C9000B07BD9 /* Release */,
			);
			defaultConfigurationIsVisible = 0;
			defaultConfigurationName = Release;
		};
/* End XCConfigurationList section */
	};
	rootObject = 22EB97F828187C8E00B07BD9 /* Project object */;
}
